// !$*UTF8*$!
{
	archiveVersion = 1;
	classes = {
	};
	objectVersion = 56;
	objects = {

/* Begin PBXBuildFile section */
		9337F5CB2F7F694B00E654D1 /* libengine_assets.a in Frameworks */ = {isa = PBXBuildFile; fileRef = 9337F5B02F7F66D000E654D1 /* libengine_assets.a */; };
		9337F5CC2F7F694B00E654D1 /* libengine.a in Frameworks */ = {isa = PBXBuildFile; fileRef = 9337F5AC2F7F66D000E654D1 /* libengine.a */; };
		9337F5CD2F7F694B00E654D1 /* libmapitron.a in Frameworks */ = {isa = PBXBuildFile; fileRef = 9337F5B42F7F66D000E654D1 /* libmapitron.a */; };
		9337F5CE2F7F694B00E654D1 /* libshaderblobs.a in Frameworks */ = {isa = PBXBuildFile; fileRef = 9337F5B82F7F66D000E654D1 /* libshaderblobs.a */; };
		9337F5CF2F7F694B00E654D1 /* libshaders_json.a in Frameworks */ = {isa = PBXBuildFile; fileRef = 9337F5C02F7F66D000E654D1 /* libshaders_json.a */; };
		9337F5D02F7F694B00E654D1 /* libshaders.a in Frameworks */ = {isa = PBXBuildFile; fileRef = 9337F5BC2F7F66D000E654D1 /* libshaders.a */; };
		9337F5D12F7F694B00E654D1 /* libstyling.a in Frameworks */ = {isa = PBXBuildFile; fileRef = 9337F5C42F7F66D000E654D1 /* libstyling.a */; };
		C1C1C1C1C1C1C1C1C1C1C1C1 /* MapitronApp.swift in Sources */ = {isa = PBXBuildFile; fileRef = B5B5B5B5B5B5B5B5B5B5B5B5 /* MapitronApp.swift */; };
		C2C2C2C2C2C2C2C2C2C2C2C2 /* ContentView.swift in Sources */ = {isa = PBXBuildFile; fileRef = B6B6B6B6B6B6B6B6B6B6B6B6 /* ContentView.swift */; };
		C3C3C3C3C3C3C3C3C3C3C3C3 /* MapitronBridge.swift in Sources */ = {isa = PBXBuildFile; fileRef = B7B7B7B7B7B7B7B7B7B7B7B7 /* MapitronBridge.swift */; };
		C4C4C4C4C4C4C4C4C4C4C4C4 /* Assets.xcassets in Resources */ = {isa = PBXBuildFile; fileRef = B9B9B9B9B9B9B9B9B9B9B9B9 /* Assets.xcassets */; };
/* End PBXBuildFile section */

/* Begin PBXContainerItemProxy section */
		9337F5AB2F7F66D000E654D1 /* PBXContainerItemProxy */ = {
			isa = PBXContainerItemProxy;
			containerPortal = 9337F58F2F7F66D000E654D1 /* builditron.xcodeproj */;
			proxyType = 2;
			remoteGlobalIDString = C25D82B281ED4EF8861F1B6C;
			remoteInfo = engine;
		};
		9337F5AD2F7F66D000E654D1 /* PBXContainerItemProxy */ = {
			isa = PBXContainerItemProxy;
			containerPortal = 9337F58F2F7F66D000E654D1 /* builditron.xcodeproj */;
			proxyType = 2;
			remoteGlobalIDString = 12E5CBBBC9464B02ACDC0CE6;
			remoteInfo = "engine-tests";
		};
		9337F5AF2F7F66D000E654D1 /* PBXContainerItemProxy */ = {
			isa = PBXContainerItemProxy;
			containerPortal = 9337F58F2F7F66D000E654D1 /* builditron.xcodeproj */;
			proxyType = 2;
			remoteGlobalIDString = 777C55FAB2B748BF89F66F5C;
			remoteInfo = engine_assets;
		};
		9337F5B12F7F66D000E654D1 /* PBXContainerItemProxy */ = {
			isa = PBXContainerItemProxy;
			containerPortal = 9337F58F2F7F66D000E654D1 /* builditron.xcodeproj */;
			proxyType = 2;
			remoteGlobalIDString = 01AAB438F86C44F1B17942AD;
			remoteInfo = "lucid-tests";
		};
		9337F5B32F7F66D000E654D1 /* PBXContainerItemProxy */ = {
			isa = PBXContainerItemProxy;
			containerPortal = 9337F58F2F7F66D000E654D1 /* builditron.xcodeproj */;
			proxyType = 2;
			remoteGlobalIDString = 0DC03B27A34F42C1BE77E420;
			remoteInfo = mapitron;
		};
		9337F5B52F7F66D000E654D1 /* PBXContainerItemProxy */ = {
			isa = PBXContainerItemProxy;
			containerPortal = 9337F58F2F7F66D000E654D1 /* builditron.xcodeproj */;
			proxyType = 2;
			remoteGlobalIDString = 2A3810B897B742F691078C9C;
			remoteInfo = "mapitron-tests";
		};
		9337F5B72F7F66D000E654D1 /* PBXContainerItemProxy */ = {
			isa = PBXContainerItemProxy;
			containerPortal = 9337F58F2F7F66D000E654D1 /* builditron.xcodeproj */;
			proxyType = 2;
			remoteGlobalIDString = 046459A1FC7C45D8BADD60C8;
			remoteInfo = shaderblobs;
		};
		9337F5B92F7F66D000E654D1 /* PBXContainerItemProxy */ = {
			isa = PBXContainerItemProxy;
			containerPortal = 9337F58F2F7F66D000E654D1 /* builditron.xcodeproj */;
			proxyType = 2;
			remoteGlobalIDString = EAF761F6623F4D798F1B93B4;
			remoteInfo = "shaderblobs-tests";
		};
		9337F5BB2F7F66D000E654D1 /* PBXContainerItemProxy */ = {
			isa = PBXContainerItemProxy;
			containerPortal = 9337F58F2F7F66D000E654D1 /* builditron.xcodeproj */;
			proxyType = 2;
			remoteGlobalIDString = EE7E5C6511964E8F8206B159;
			remoteInfo = shaders;
		};
		9337F5BD2F7F66D000E654D1 /* PBXContainerItemProxy */ = {
			isa = PBXContainerItemProxy;
			containerPortal = 9337F58F2F7F66D000E654D1 /* builditron.xcodeproj */;
			proxyType = 2;
			remoteGlobalIDString = DCA92405216740DCA9602A23;
			remoteInfo = "shaders-tests";
		};
		9337F5BF2F7F66D000E654D1 /* PBXContainerItemProxy */ = {
			isa = PBXContainerItemProxy;
			containerPortal = 9337F58F2F7F66D000E654D1 /* builditron.xcodeproj */;
			proxyType = 2;
			remoteGlobalIDString = 1466CC433709479584802ECF;
			remoteInfo = shaders_json;
		};
		9337F5C12F7F66D000E654D1 /* PBXContainerItemProxy */ = {
			isa = PBXContainerItemProxy;
			containerPortal = 9337F58F2F7F66D000E654D1 /* builditron.xcodeproj */;
			proxyType = 2;
			remoteGlobalIDString = 091D75CCB65F4922B50D542A;
			remoteInfo = shadertron;
		};
		9337F5C32F7F66D000E654D1 /* PBXContainerItemProxy */ = {
			isa = PBXContainerItemProxy;
			containerPortal = 9337F58F2F7F66D000E654D1 /* builditron.xcodeproj */;
			proxyType = 2;
			remoteGlobalIDString = B33B91C3D34F44A58311255B;
			remoteInfo = styling;
		};
		9337F5C52F7F66D000E654D1 /* PBXContainerItemProxy */ = {
			isa = PBXContainerItemProxy;
			containerPortal = 9337F58F2F7F66D000E654D1 /* builditron.xcodeproj */;
			proxyType = 2;
			remoteGlobalIDString = ED2930DE78094A4D9AB8502A;
			remoteInfo = "styling-tests";
		};
		9337F5C72F7F66FA00E654D1 /* PBXContainerItemProxy */ = {
			isa = PBXContainerItemProxy;
			containerPortal = 9337F58F2F7F66D000E654D1 /* builditron.xcodeproj */;
			proxyType = 1;
			remoteGlobalIDString = 022B369511D401FB6C9197B4;
			remoteInfo = mapitron;
		};
/* End PBXContainerItemProxy section */

/* Begin PBXFileReference section */
		9337F58F2F7F66D000E654D1 /* builditron.xcodeproj */ = {isa = PBXFileReference; lastKnownFileType = "wrapper.pb-project"; name = builditron.xcodeproj; path = "/Users/nathan.stouffer/Documents/builditron/out/build/dest-ios-simulator-xcode/builditron.xcodeproj"; sourceTree = "<absolute>"; };
		A8A8A8A8A8A8A8A8A8A8A8A8 /* ios-sample.app */ = {isa = PBXFileReference; explicitFileType = wrapper.application; includeInIndex = 0; path = "ios-sample.app"; sourceTree = BUILT_PRODUCTS_DIR; };
		B5B5B5B5B5B5B5B5B5B5B5B5 /* MapitronApp.swift */ = {isa = PBXFileReference; lastKnownFileType = sourcecode.swift; path = MapitronApp.swift; sourceTree = "<group>"; };
		B6B6B6B6B6B6B6B6B6B6B6B6 /* ContentView.swift */ = {isa = PBXFileReference; lastKnownFileType = sourcecode.swift; path = ContentView.swift; sourceTree = "<group>"; };
		B7B7B7B7B7B7B7B7B7B7B7B7 /* MapitronBridge.swift */ = {isa = PBXFileReference; lastKnownFileType = sourcecode.swift; path = MapitronBridge.swift; sourceTree = "<group>"; };
		B9B9B9B9B9B9B9B9B9B9B9B9 /* Assets.xcassets */ = {isa = PBXFileReference; lastKnownFileType = folder.assetcatalog; path = Assets.xcassets; sourceTree = "<group>"; };
/* End PBXFileReference section */

/* Begin PBXFrameworksBuildPhase section */
		A5A5A5A5A5A5A5A5A5A5A5A5 /* Frameworks */ = {
			isa = PBXFrameworksBuildPhase;
			buildActionMask = 2147483647;
			files = (
				9337F5CB2F7F694B00E654D1 /* libengine_assets.a in Frameworks */,
				9337F5CC2F7F694B00E654D1 /* libengine.a in Frameworks */,
				9337F5CD2F7F694B00E654D1 /* libmapitron.a in Frameworks */,
				9337F5CE2F7F694B00E654D1 /* libshaderblobs.a in Frameworks */,
				9337F5CF2F7F694B00E654D1 /* libshaders_json.a in Frameworks */,
				9337F5D02F7F694B00E654D1 /* libshaders.a in Frameworks */,
				9337F5D12F7F694B00E654D1 /* libstyling.a in Frameworks */,
			);
			runOnlyForDeploymentPostprocessing = 0;
		};
/* End PBXFrameworksBuildPhase section */

/* Begin PBXGroup section */
		9337F5922F7F66D000E654D1 /* Products */ = {
			isa = PBXGroup;
			children = (
				9337F5AC2F7F66D000E654D1 /* libengine.a */,
				9337F5AE2F7F66D000E654D1 /* engine-tests */,
				9337F5B02F7F66D000E654D1 /* libengine_assets.a */,
				9337F5B22F7F66D000E654D1 /* lucid-tests */,
				9337F5B42F7F66D000E654D1 /* libmapitron.a */,
				9337F5B62F7F66D000E654D1 /* mapitron-tests */,
				9337F5B82F7F66D000E654D1 /* libshaderblobs.a */,
				9337F5BA2F7F66D000E654D1 /* shaderblobs-tests */,
				9337F5BC2F7F66D000E654D1 /* libshaders.a */,
				9337F5BE2F7F66D000E654D1 /* shaders-tests */,
				9337F5C02F7F66D000E654D1 /* libshaders_json.a */,
				9337F5C22F7F66D000E654D1 /* shadertron */,
				9337F5C42F7F66D000E654D1 /* libstyling.a */,
				9337F5C62F7F66D000E654D1 /* styling-tests */,
			);
			name = Products;
			sourceTree = "<group>";
		};
		9337F5C92F7F692900E654D1 /* Frameworks */ = {
			isa = PBXGroup;
			children = (
			);
			name = Frameworks;
			sourceTree = "<group>";
		};
		A6A6A6A6A6A6A6A6A6A6A6A6 = {
			isa = PBXGroup;
			children = (
				C5C5C5C5C5C5C5C5C5C5C5C5 /* ios-sample */,
				9337F58F2F7F66D000E654D1 /* builditron.xcodeproj */,
				9337F5C92F7F692900E654D1 /* Frameworks */,
				A7A7A7A7A7A7A7A7A7A7A7A7 /* Products */,
			);
			sourceTree = "<group>";
		};
		A7A7A7A7A7A7A7A7A7A7A7A7 /* Products */ = {
			isa = PBXGroup;
			children = (
				A8A8A8A8A8A8A8A8A8A8A8A8 /* ios-sample.app */,
			);
			name = Products;
			sourceTree = "<group>";
		};
		C5C5C5C5C5C5C5C5C5C5C5C5 /* ios-sample */ = {
			isa = PBXGroup;
			children = (
				B5B5B5B5B5B5B5B5B5B5B5B5 /* MapitronApp.swift */,
				B6B6B6B6B6B6B6B6B6B6B6B6 /* ContentView.swift */,
				B7B7B7B7B7B7B7B7B7B7B7B7 /* MapitronBridge.swift */,
				B9B9B9B9B9B9B9B9B9B9B9B9 /* Assets.xcassets */,
			);
			path = "ios-sample";
			sourceTree = "<group>";
		};
/* End PBXGroup section */

/* Begin PBXNativeTarget section */
		A2A2A2A2A2A2A2A2A2A2A2A2 /* ios-sample */ = {
			isa = PBXNativeTarget;
			buildConfigurationList = B3B3B3B3B3B3B3B3B3B3B3B3 /* Build configuration list for PBXNativeTarget "ios-sample" */;
			buildPhases = (
				A3A3A3A3A3A3A3A3A3A3A3A3 /* Sources */,
				A4A4A4A4A4A4A4A4A4A4A4A4 /* Resources */,
				A5A5A5A5A5A5A5A5A5A5A5A5 /* Frameworks */,
			);
			buildRules = (
			);
			dependencies = (
				9337F5C82F7F66FA00E654D1 /* PBXTargetDependency */,
			);
			name = "ios-sample";
			productName = "ios-sample";
			productReference = A8A8A8A8A8A8A8A8A8A8A8A8 /* ios-sample.app */;
			productType = "com.apple.product-type.application";
		};
/* End PBXNativeTarget section */

/* Begin PBXProject section */
		A1A1A1A1A1A1A1A1A1A1A1A1 /* Project object */ = {
			isa = PBXProject;
			attributes = {
				BuildIndependentTargetsInParallel = 1;
				LastSwiftUpdateCheck = 1500;
				LastUpgradeCheck = 1500;
				TargetAttributes = {
					A2A2A2A2A2A2A2A2A2A2A2A2 = {
						CreatedOnToolsVersion = 15.0;
					};
				};
			};
			buildConfigurationList = B4B4B4B4B4B4B4B4B4B4B4B4 /* Build configuration list for PBXProject "ios-sample" */;
			compatibilityVersion = "Xcode 14.0";
			developmentRegion = en;
			hasScannedForEncodings = 0;
			knownRegions = (
				en,
				Base,
			);
			mainGroup = A6A6A6A6A6A6A6A6A6A6A6A6;
			productRefGroup = A7A7A7A7A7A7A7A7A7A7A7A7 /* Products */;
			projectDirPath = "";
			projectReferences = (
				{
					ProductGroup = 9337F5922F7F66D000E654D1 /* Products */;
					ProjectRef = 9337F58F2F7F66D000E654D1 /* builditron.xcodeproj */;
				},
			);
			projectRoot = "";
			targets = (
				A2A2A2A2A2A2A2A2A2A2A2A2 /* ios-sample */,
			);
		};
/* End PBXProject section */

/* Begin PBXReferenceProxy section */
		9337F5AC2F7F66D000E654D1 /* libengine.a */ = {
			isa = PBXReferenceProxy;
			fileType = archive.ar;
			path = libengine.a;
			remoteRef = 9337F5AB2F7F66D000E654D1 /* PBXContainerItemProxy */;
			sourceTree = BUILT_PRODUCTS_DIR;
		};
		9337F5AE2F7F66D000E654D1 /* engine-tests */ = {
			isa = PBXReferenceProxy;
			fileType = "compiled.mach-o.executable";
			name = "engine-tests";
			path = "engine-tests.app";
			remoteRef = 9337F5AD2F7F66D000E654D1 /* PBXContainerItemProxy */;
			sourceTree = BUILT_PRODUCTS_DIR;
		};
		9337F5B02F7F66D000E654D1 /* libengine_assets.a */ = {
			isa = PBXReferenceProxy;
			fileType = archive.ar;
			path = libengine_assets.a;
			remoteRef = 9337F5AF2F7F66D000E654D1 /* PBXContainerItemProxy */;
			sourceTree = BUILT_PRODUCTS_DIR;
		};
		9337F5B22F7F66D000E654D1 /* lucid-tests */ = {
			isa = PBXReferenceProxy;
			fileType = "compiled.mach-o.executable";
			name = "lucid-tests";
			path = "lucid-tests.app";
			remoteRef = 9337F5B12F7F66D000E654D1 /* PBXContainerItemProxy */;
			sourceTree = BUILT_PRODUCTS_DIR;
		};
		9337F5B42F7F66D000E654D1 /* libmapitron.a */ = {
			isa = PBXReferenceProxy;
			fileType = archive.ar;
			path = libmapitron.a;
			remoteRef = 9337F5B32F7F66D000E654D1 /* PBXContainerItemProxy */;
			sourceTree = BUILT_PRODUCTS_DIR;
		};
		9337F5B62F7F66D000E654D1 /* mapitron-tests */ = {
			isa = PBXReferenceProxy;
			fileType = "compiled.mach-o.executable";
			name = "mapitron-tests";
			path = "mapitron-tests.app";
			remoteRef = 9337F5B52F7F66D000E654D1 /* PBXContainerItemProxy */;
			sourceTree = BUILT_PRODUCTS_DIR;
		};
		9337F5B82F7F66D000E654D1 /* libshaderblobs.a */ = {
			isa = PBXReferenceProxy;
			fileType = archive.ar;
			path = libshaderblobs.a;
			remoteRef = 9337F5B72F7F66D000E654D1 /* PBXContainerItemProxy */;
			sourceTree = BUILT_PRODUCTS_DIR;
		};
		9337F5BA2F7F66D000E654D1 /* shaderblobs-tests */ = {
			isa = PBXReferenceProxy;
			fileType = "compiled.mach-o.executable";
			name = "shaderblobs-tests";
			path = "shaderblobs-tests.app";
			remoteRef = 9337F5B92F7F66D000E654D1 /* PBXContainerItemProxy */;
			sourceTree = BUILT_PRODUCTS_DIR;
		};
		9337F5BC2F7F66D000E654D1 /* libshaders.a */ = {
			isa = PBXReferenceProxy;
			fileType = archive.ar;
			path = libshaders.a;
			remoteRef = 9337F5BB2F7F66D000E654D1 /* PBXContainerItemProxy */;
			sourceTree = BUILT_PRODUCTS_DIR;
		};
		9337F5BE2F7F66D000E654D1 /* shaders-tests */ = {
			isa = PBXReferenceProxy;
			fileType = "compiled.mach-o.executable";
			name = "shaders-tests";
			path = "shaders-tests.app";
			remoteRef = 9337F5BD2F7F66D000E654D1 /* PBXContainerItemProxy */;
			sourceTree = BUILT_PRODUCTS_DIR;
		};
		9337F5C02F7F66D000E654D1 /* libshaders_json.a */ = {
			isa = PBXReferenceProxy;
			fileType = archive.ar;
			path = libshaders_json.a;
			remoteRef = 9337F5BF2F7F66D000E654D1 /* PBXContainerItemProxy */;
			sourceTree = BUILT_PRODUCTS_DIR;
		};
		9337F5C22F7F66D000E654D1 /* shadertron */ = {
			isa = PBXReferenceProxy;
			fileType = "compiled.mach-o.executable";
			name = shadertron;
			path = shadertron.app;
			remoteRef = 9337F5C12F7F66D000E654D1 /* PBXContainerItemProxy */;
			sourceTree = BUILT_PRODUCTS_DIR;
		};
		9337F5C42F7F66D000E654D1 /* libstyling.a */ = {
			isa = PBXReferenceProxy;
			fileType = archive.ar;
			path = libstyling.a;
			remoteRef = 9337F5C32F7F66D000E654D1 /* PBXContainerItemProxy */;
			sourceTree = BUILT_PRODUCTS_DIR;
		};
		9337F5C62F7F66D000E654D1 /* styling-tests */ = {
			isa = PBXReferenceProxy;
			fileType = "compiled.mach-o.executable";
			name = "styling-tests";
			path = "styling-tests.app";
			remoteRef = 9337F5C52F7F66D000E654D1 /* PBXContainerItemProxy */;
			sourceTree = BUILT_PRODUCTS_DIR;
		};
/* End PBXReferenceProxy section */

/* Begin PBXResourcesBuildPhase section */
		A4A4A4A4A4A4A4A4A4A4A4A4 /* Resources */ = {
			isa = PBXResourcesBuildPhase;
			buildActionMask = 2147483647;
			files = (
				C4C4C4C4C4C4C4C4C4C4C4C4 /* Assets.xcassets in Resources */,
			);
			runOnlyForDeploymentPostprocessing = 0;
		};
/* End PBXResourcesBuildPhase section */

/* Begin PBXSourcesBuildPhase section */
		A3A3A3A3A3A3A3A3A3A3A3A3 /* Sources */ = {
			isa = PBXSourcesBuildPhase;
			buildActionMask = 2147483647;
			files = (
				C1C1C1C1C1C1C1C1C1C1C1C1 /* MapitronApp.swift in Sources */,
				C2C2C2C2C2C2C2C2C2C2C2C2 /* ContentView.swift in Sources */,
				C3C3C3C3C3C3C3C3C3C3C3C3 /* MapitronBridge.swift in Sources */,
			);
			runOnlyForDeploymentPostprocessing = 0;
		};
/* End PBXSourcesBuildPhase section */

/* Begin PBXTargetDependency section */
		9337F5C82F7F66FA00E654D1 /* PBXTargetDependency */ = {
			isa = PBXTargetDependency;
			name = mapitron;
			targetProxy = 9337F5C72F7F66FA00E654D1 /* PBXContainerItemProxy */;
		};
/* End PBXTargetDependency section */

/* Begin XCBuildConfiguration section */
		A9A9A9A9A9A9A9A9A9A9A9A9 /* Debug */ = {
			isa = XCBuildConfiguration;
			buildSettings = {
				ASSETCATALOG_COMPILER_APPICON_NAME = AppIcon;
				CURRENT_PROJECT_VERSION = 1;
				GENERATE_INFOPLIST_FILE = YES;
				HEADER_SEARCH_PATHS = "$(SRCROOT)/../../../code/src/mapitron/include/public";
				INFOPLIST_KEY_UIApplicationSceneManifest_Generation = YES;
				INFOPLIST_KEY_UIApplicationSupportsIndirectInputEvents = YES;
				INFOPLIST_KEY_UILaunchScreen_Generation = YES;
				INFOPLIST_KEY_UISupportedInterfaceOrientations_iPad = "UIInterfaceOrientationLandscapeLeft UIInterfaceOrientationLandscapeRight UIInterfaceOrientationPortrait UIInterfaceOrientationPortraitUpsideDown";
				INFOPLIST_KEY_UISupportedInterfaceOrientations_iPhone = "UIInterfaceOrientationLandscapeLeft UIInterfaceOrientationLandscapeRight UIInterfaceOrientationPortrait";
				IPHONEOS_DEPLOYMENT_TARGET = 17.0;
				MARKETING_VERSION = 1.0;
				OTHER_SWIFT_FLAGS = "-cxx-interoperability-mode=default";
				PRODUCT_BUNDLE_IDENTIFIER = "com.example.ios-sample";
				PRODUCT_NAME = "$(TARGET_NAME)";
				SWIFT_INCLUDE_PATHS = "$(SRCROOT)/../../../code/src/mapitron/include/public $(SRCROOT)/../../../code/deps/lucid/include/interface";
				SWIFT_VERSION = 5.0;
				TARGETED_DEVICE_FAMILY = "1,2";
			};
			name = Debug;
		};
		AAAAAAAAAAAAAAAAAAAAAAAA /* Release */ = {
			isa = XCBuildConfiguration;
			buildSettings = {
				ASSETCATALOG_COMPILER_APPICON_NAME = AppIcon;
				CURRENT_PROJECT_VERSION = 1;
				GENERATE_INFOPLIST_FILE = YES;
				HEADER_SEARCH_PATHS = "$(SRCROOT)/../../../code/src/mapitron/include/public";
				INFOPLIST_KEY_UIApplicationSceneManifest_Generation = YES;
				INFOPLIST_KEY_UIApplicationSupportsIndirectInputEvents = YES;
				INFOPLIST_KEY_UILaunchScreen_Generation = YES;
				INFOPLIST_KEY_UISupportedInterfaceOrientations_iPad = "UIInterfaceOrientationLandscapeLeft UIInterfaceOrientationLandscapeRight UIInterfaceOrientationPortrait UIInterfaceOrientationPortraitUpsideDown";
				INFOPLIST_KEY_UISupportedInterfaceOrientations_iPhone = "UIInterfaceOrientationLandscapeLeft UIInterfaceOrientationLandscapeRight UIInterfaceOrientationPortrait";
				IPHONEOS_DEPLOYMENT_TARGET = 17.0;
				MARKETING_VERSION = 1.0;
				OTHER_SWIFT_FLAGS = "-cxx-interoperability-mode=default";
				PRODUCT_BUNDLE_IDENTIFIER = "com.example.ios-sample";
				PRODUCT_NAME = "$(TARGET_NAME)";
				SWIFT_INCLUDE_PATHS = "$(SRCROOT)/../../../code/src/mapitron/include/public $(SRCROOT)/../../../code/deps/lucid/include/interface";
				SWIFT_VERSION = 5.0;
				TARGETED_DEVICE_FAMILY = "1,2";
			};
			name = Release;
		};
		B1B1B1B1B1B1B1B1B1B1B1B1 /* Debug */ = {
			isa = XCBuildConfiguration;
			buildSettings = {
				ALWAYS_SEARCH_USER_PATHS = NO;
				CLANG_ANALYZER_NONNULL = YES;
				CLANG_CXX_LANGUAGE_STANDARD = "gnu++20";
				CLANG_ENABLE_MODULES = YES;
				CLANG_ENABLE_OBJC_ARC = YES;
				CLANG_ENABLE_OBJC_WEAK = YES;
				CLANG_WARN_BLOCK_CAPTURE_AUTORELEASING = YES;
				CLANG_WARN_BOOL_CONVERSION = YES;
				CLANG_WARN_COMMA = YES;
				CLANG_WARN_CONSTANT_CONVERSION = YES;
				CLANG_WARN_DEPRECATED_OBJC_IMPLEMENTATIONS = YES;
				CLANG_WARN_DIRECT_OBJC_ISA_USAGE = YES_ERROR;
				CLANG_WARN_DOCUMENTATION_COMMENTS = YES;
				CLANG_WARN_EMPTY_BODY = YES;
				CLANG_WARN_ENUM_CONVERSION = YES;
				CLANG_WARN_INFINITE_RECURSION = YES;
				CLANG_WARN_INT_CONVERSION = YES;
				CLANG_WARN_NON_LITERAL_NULL_CONVERSION = YES;
				CLANG_WARN_OBJC_IMPLICIT_RETAIN_SELF = YES;
				CLANG_WARN_OBJC_LITERAL_CONVERSION = YES;
				CLANG_WARN_OBJC_ROOT_CLASS = YES_ERROR;
				CLANG_WARN_QUOTED_INCLUDE_IN_FRAMEWORK_HEADER = YES;
				CLANG_WARN_RANGE_LOOP_ANALYSIS = YES;
				CLANG_WARN_STRICT_PROTOTYPES = YES;
				CLANG_WARN_SUSPICIOUS_MOVE = YES;
				CLANG_WARN_UNGUARDED_AVAILABILITY = YES_AGGRESSIVE;
				CLANG_WARN_UNREACHABLE_CODE = YES;
				CLANG_WARN__DUPLICATE_METHOD_MATCH = YES;
				COPY_PHASE_STRIP = NO;
				DEBUG_INFORMATION_FORMAT = dwarf;
				ENABLE_STRICT_OBJC_MSGSEND = YES;
				ENABLE_TESTABILITY = YES;
				ENABLE_USER_SCRIPT_SANDBOXING = NO;
				GCC_C_LANGUAGE_STANDARD = gnu17;
				GCC_DYNAMIC_NO_PIC = NO;
				GCC_NO_COMMON_BLOCKS = YES;
				GCC_OPTIMIZATION_LEVEL = 0;
				GCC_PREPROCESSOR_DEFINITIONS = (
					"DEBUG=1",
					"$(inherited)",
				);
				GCC_WARN_64_TO_32_BIT_CONVERSION = YES;
				GCC_WARN_ABOUT_RETURN_TYPE = YES_ERROR;
				GCC_WARN_UNDECLARED_SELECTOR = YES;
				GCC_WARN_UNINITIALIZED_AUTOS = YES_AGGRESSIVE;
				GCC_WARN_UNUSED_FUNCTION = YES;
				GCC_WARN_UNUSED_VARIABLE = YES;
				IPHONEOS_DEPLOYMENT_TARGET = 17.0;
				MTL_ENABLE_DEBUG_INFO = INCLUDE_SOURCE;
				MTL_FAST_MATH = YES;
				ONLY_ACTIVE_ARCH = YES;
				SDKROOT = iphonesimulator;
				SWIFT_ACTIVE_COMPILATION_CONDITIONS = DEBUG;
				SWIFT_OPTIMIZATION_LEVEL = "-Onone";
			};
			name = Debug;
		};
		B2B2B2B2B2B2B2B2B2B2B2B2 /* Release */ = {
			isa = XCBuildConfiguration;
			buildSettings = {
				ALWAYS_SEARCH_USER_PATHS = NO;
				CLANG_ANALYZER_NONNULL = YES;
				CLANG_CXX_LANGUAGE_STANDARD = "gnu++20";
				CLANG_ENABLE_MODULES = YES;
				CLANG_ENABLE_OBJC_ARC = YES;
				CLANG_ENABLE_OBJC_WEAK = YES;
				CLANG_WARN_BLOCK_CAPTURE_AUTORELEASING = YES;
				CLANG_WARN_BOOL_CONVERSION = YES;
				CLANG_WARN_COMMA = YES;
				CLANG_WARN_CONSTANT_CONVERSION = YES;
				CLANG_WARN_DEPRECATED_OBJC_IMPLEMENTATIONS = YES;
				CLANG_WARN_DIRECT_OBJC_ISA_USAGE = YES_ERROR;
				CLANG_WARN_DOCUMENTATION_COMMENTS = YES;
				CLANG_WARN_EMPTY_BODY = YES;
				CLANG_WARN_ENUM_CONVERSION = YES;
				CLANG_WARN_INFINITE_RECURSION = YES;
				CLANG_WARN_INT_CONVERSION = YES;
				CLANG_WARN_NON_LITERAL_NULL_CONVERSION = YES;
				CLANG_WARN_OBJC_IMPLICIT_RETAIN_SELF = YES;
				CLANG_WARN_OBJC_LITERAL_CONVERSION = YES;
				CLANG_WARN_OBJC_ROOT_CLASS = YES_ERROR;
				CLANG_WARN_QUOTED_INCLUDE_IN_FRAMEWORK_HEADER = YES;
				CLANG_WARN_RANGE_LOOP_ANALYSIS = YES;
				CLANG_WARN_STRICT_PROTOTYPES = YES;
				CLANG_WARN_SUSPICIOUS_MOVE = YES;
				CLANG_WARN_UNGUARDED_AVAILABILITY = YES_AGGRESSIVE;
				CLANG_WARN_UNREACHABLE_CODE = YES;
				CLANG_WARN__DUPLICATE_METHOD_MATCH = YES;
				COPY_PHASE_STRIP = NO;
				DEBUG_INFORMATION_FORMAT = "dwarf-with-dsym";
				ENABLE_NS_ASSERTIONS = NO;
				ENABLE_STRICT_OBJC_MSGSEND = YES;
				ENABLE_USER_SCRIPT_SANDBOXING = NO;
				GCC_C_LANGUAGE_STANDARD = gnu17;
				GCC_NO_COMMON_BLOCKS = YES;
				GCC_WARN_64_TO_32_BIT_CONVERSION = YES;
				GCC_WARN_ABOUT_RETURN_TYPE = YES_ERROR;
				GCC_WARN_UNDECLARED_SELECTOR = YES;
				GCC_WARN_UNINITIALIZED_AUTOS = YES_AGGRESSIVE;
				GCC_WARN_UNUSED_FUNCTION = YES;
				GCC_WARN_UNUSED_VARIABLE = YES;
				IPHONEOS_DEPLOYMENT_TARGET = 17.0;
				MTL_FAST_MATH = YES;
				SDKROOT = iphonesimulator;
				SWIFT_COMPILATION_MODE = wholemodule;
				SWIFT_OPTIMIZATION_LEVEL = "-O";
				VALIDATE_PRODUCT = YES;
			};
			name = Release;
		};
/* End XCBuildConfiguration section */

/* Begin XCConfigurationList section */
		B3B3B3B3B3B3B3B3B3B3B3B3 /* Build configuration list for PBXNativeTarget "ios-sample" */ = {
			isa = XCConfigurationList;
			buildConfigurations = (
				A9A9A9A9A9A9A9A9A9A9A9A9 /* Debug */,
				AAAAAAAAAAAAAAAAAAAAAAAA /* Release */,
			);
			defaultConfigurationIsVisible = 0;
			defaultConfigurationName = Release;
		};
		B4B4B4B4B4B4B4B4B4B4B4B4 /* Build configuration list for PBXProject "ios-sample" */ = {
			isa = XCConfigurationList;
			buildConfigurations = (
				B1B1B1B1B1B1B1B1B1B1B1B1 /* Debug */,
				B2B2B2B2B2B2B2B2B2B2B2B2 /* Release */,
			);
			defaultConfigurationIsVisible = 0;
			defaultConfigurationName = Release;
		};
/* End XCConfigurationList section */
	};
	rootObject = A1A1A1A1A1A1A1A1A1A1A1A1 /* Project object */;
}
