// !$*UTF8*$!
{
	archiveVersion = 1;
	classes = {
	};
	objectVersion = 77;
	objects = {

/* Begin PBXBuildFile section */
		AA000001000000000000001 /* MapitronApp.swift in Sources */ = {isa = PBXBuildFile; fileRef = AA000002000000000000001 /* MapitronApp.swift */; };
		AA000001000000000000002 /* ContentView.swift in Sources */ = {isa = PBXBuildFile; fileRef = AA000002000000000000002 /* ContentView.swift */; };
		AA000001000000000000003 /* MapitronBridge.swift in Sources */ = {isa = PBXBuildFile; fileRef = AA000002000000000000003 /* MapitronBridge.swift */; };
		AA000001000000000000004 /* Assets.xcassets in Resources */ = {isa = PBXBuildFile; fileRef = AA000002000000000000004 /* Assets.xcassets */; };
		AA000001000000000000005 /* mapitron in Frameworks */ = {isa = PBXBuildFile; productRef = AA000007000000000000001 /* mapitron */; };
/* End PBXBuildFile section */

/* Begin PBXFileReference section */
		AA000002000000000000001 /* MapitronApp.swift */ = {isa = PBXFileReference; lastKnownFileType = sourcecode.swift; path = MapitronApp.swift; sourceTree = "<group>"; };
		AA000002000000000000002 /* ContentView.swift */ = {isa = PBXFileReference; lastKnownFileType = sourcecode.swift; path = ContentView.swift; sourceTree = "<group>"; };
		AA000002000000000000003 /* MapitronBridge.swift */ = {isa = PBXFileReference; lastKnownFileType = sourcecode.swift; path = MapitronBridge.swift; sourceTree = "<group>"; };
		AA000002000000000000004 /* Assets.xcassets */ = {isa = PBXFileReference; lastKnownFileType = folder.assetcatalog; path = Assets.xcassets; sourceTree = "<group>"; };
		AA000002000000000000005 /* ios-sample.app */ = {isa = PBXFileReference; explicitFileType = wrapper.application; includeInIndex = 0; path = "ios-sample.app"; sourceTree = BUILT_PRODUCTS_DIR; };
/* End PBXFileReference section */

/* Begin PBXFrameworksBuildPhase section */
		AA000003000000000000001 /* Frameworks */ = {
			isa = PBXFrameworksBuildPhase;
			buildActionMask = 2147483647;
			files = (
				AA000001000000000000005 /* mapitron in Frameworks */,
			);
			runOnlyForDeploymentPostprocessing = 0;
		};
/* End PBXFrameworksBuildPhase section */

/* Begin PBXGroup section */
		AA000004000000000000001 /* ios-sample */ = {
			isa = PBXGroup;
			children = (
				AA000002000000000000001 /* MapitronApp.swift */,
				AA000002000000000000002 /* ContentView.swift */,
				AA000002000000000000003 /* MapitronBridge.swift */,
				AA000002000000000000004 /* Assets.xcassets */,
			);
			path = "ios-sample";
			sourceTree = "<group>";
		};
		AA000004000000000000002 /* Products */ = {
			isa = PBXGroup;
			children = (
				AA000002000000000000005 /* ios-sample.app */,
			);
			name = Products;
			sourceTree = "<group>";
		};
		AA000004000000000000003 = {
			isa = PBXGroup;
			children = (
				AA000004000000000000001 /* ios-sample */,
				AA000004000000000000002 /* Products */,
			);
			sourceTree = "<group>";
		};
/* End PBXGroup section */

/* Begin PBXNativeTarget section */
		AA000005000000000000001 /* ios-sample */ = {
			isa = PBXNativeTarget;
			buildConfigurationList = AA000006000000000000001 /* Build configuration list for PBXNativeTarget "ios-sample" */;
			buildPhases = (
				AA000003000000000000002 /* Sources */,
				AA000003000000000000001 /* Frameworks */,
				AA000003000000000000003 /* Resources */,
			);
			buildRules = (
			);
			dependencies = (
			);
			name = "ios-sample";
			packageProductDependencies = (
				AA000007000000000000001 /* mapitron */,
			);
			productName = "ios-sample";
			productReference = AA000002000000000000005 /* ios-sample.app */;
			productType = "com.apple.product-type.application";
		};
/* End PBXNativeTarget section */

/* Begin PBXProject section */
		AA000008000000000000001 /* Project object */ = {
			isa = PBXProject;
			attributes = {
				BuildIndependentTargetsInParallel = 1;
				LastSwiftUpdateCheck = 1600;
				LastUpgradeCheck = 1600;
			};
			buildConfigurationList = AA000006000000000000002 /* Build configuration list for PBXProject "ios-sample" */;
			compatibilityVersion = "Xcode 14.0";
			developmentRegion = en;
			hasScannedForEncodings = 0;
			knownRegions = (
				en,
				Base,
			);
			mainGroup = AA000004000000000000003;
			packageReferences = (
				AA000009000000000000001 /* XCLocalSwiftPackageReference "../../../packages/ios/mapitron" */,
			);
			productRefGroup = AA000004000000000000002 /* Products */;
			projectDirPath = "";
			projectRoot = "";
			targets = (
				AA000005000000000000001 /* ios-sample */,
			);
		};
/* End PBXProject section */

/* Begin PBXResourcesBuildPhase section */
		AA000003000000000000003 /* Resources */ = {
			isa = PBXResourcesBuildPhase;
			buildActionMask = 2147483647;
			files = (
				AA000001000000000000004 /* Assets.xcassets in Resources */,
			);
			runOnlyForDeploymentPostprocessing = 0;
		};
/* End PBXResourcesBuildPhase section */

/* Begin PBXSourcesBuildPhase section */
		AA000003000000000000002 /* Sources */ = {
			isa = PBXSourcesBuildPhase;
			buildActionMask = 2147483647;
			files = (
				AA000001000000000000001 /* MapitronApp.swift in Sources */,
				AA000001000000000000002 /* ContentView.swift in Sources */,
				AA000001000000000000003 /* MapitronBridge.swift in Sources */,
			);
			runOnlyForDeploymentPostprocessing = 0;
		};
/* End PBXSourcesBuildPhase section */

/* Begin XCBuildConfiguration section */
		AA000006000000000000003 /* Debug */ = {
			isa = XCBuildConfiguration;
			buildSettings = {
				ALWAYS_SEARCH_USER_PATHS = NO;
				CLANG_CXX_LANGUAGE_STANDARD = "gnu++20";
				CLANG_ENABLE_MODULES = YES;
				CLANG_ENABLE_OBJC_ARC = YES;
				CLANG_ENABLE_OBJC_WEAK = YES;
				COPY_PHASE_STRIP = NO;
				DEBUG_INFORMATION_FORMAT = dwarf;
				ENABLE_STRICT_OBJC_MSGSEND = YES;
				ENABLE_TESTABILITY = YES;
				ENABLE_USER_SCRIPT_SANDBOXING = NO;
				GCC_C_LANGUAGE_STANDARD = gnu17;
				GCC_NO_COMMON_BLOCKS = YES;
				GCC_OPTIMIZATION_LEVEL = 0;
				GCC_PREPROCESSOR_DEFINITIONS = (
					"DEBUG=1",
					"$(inherited)",
				);
				IPHONEOS_DEPLOYMENT_TARGET = 17.0;
				MTL_ENABLE_DEBUG_INFO = INCLUDE_SOURCE;
				MTL_FAST_MATH = YES;
				ONLY_ACTIVE_ARCH = YES;
				SDKROOT = iphonesimulator;
				SWIFT_ACTIVE_COMPILATION_CONDITIONS = DEBUG;
				SWIFT_OPTIMIZATION_LEVEL = "-Onone";
			};
			name = Debug;
		};
		AA000006000000000000004 /* Release */ = {
			isa = XCBuildConfiguration;
			buildSettings = {
				ALWAYS_SEARCH_USER_PATHS = NO;
				CLANG_CXX_LANGUAGE_STANDARD = "gnu++20";
				CLANG_ENABLE_MODULES = YES;
				CLANG_ENABLE_OBJC_ARC = YES;
				CLANG_ENABLE_OBJC_WEAK = YES;
				COPY_PHASE_STRIP = NO;
				DEBUG_INFORMATION_FORMAT = "dwarf-with-dsym";
				ENABLE_NS_ASSERTIONS = NO;
				ENABLE_STRICT_OBJC_MSGSEND = YES;
				ENABLE_USER_SCRIPT_SANDBOXING = NO;
				GCC_C_LANGUAGE_STANDARD = gnu17;
				GCC_NO_COMMON_BLOCKS = YES;
				IPHONEOS_DEPLOYMENT_TARGET = 17.0;
				MTL_FAST_MATH = YES;
				SDKROOT = iphonesimulator;
				SWIFT_COMPILATION_MODE = wholemodule;
			};
			name = Release;
		};
		AA000006000000000000005 /* Debug */ = {
			isa = XCBuildConfiguration;
			buildSettings = {
				ARCHS = arm64;
				ASSETCATALOG_COMPILER_APPICON_NAME = AppIcon;
				CURRENT_PROJECT_VERSION = 1;
				GENERATE_INFOPLIST_FILE = YES;
				INFOPLIST_KEY_UIApplicationSceneManifest_Generation = YES;
				INFOPLIST_KEY_UIApplicationSupportsIndirectInputEvents = YES;
				INFOPLIST_KEY_UILaunchScreen_Generation = YES;
				INFOPLIST_KEY_UISupportedInterfaceOrientations_iPad = "UIInterfaceOrientationLandscapeLeft UIInterfaceOrientationLandscapeRight UIInterfaceOrientationPortrait UIInterfaceOrientationPortraitUpsideDown";
				INFOPLIST_KEY_UISupportedInterfaceOrientations_iPhone = "UIInterfaceOrientationLandscapeLeft UIInterfaceOrientationLandscapeRight UIInterfaceOrientationPortrait";
				IPHONEOS_DEPLOYMENT_TARGET = 17.0;
				MARKETING_VERSION = 1.0;
				OTHER_SWIFT_FLAGS = "-cxx-interoperability-mode=default";
				PRODUCT_BUNDLE_IDENTIFIER = "com.example.ios-sample-package";
				PRODUCT_NAME = "$(TARGET_NAME)";
				SDKROOT = iphonesimulator;
				SUPPORTED_PLATFORMS = "iphoneos iphonesimulator";
				SWIFT_VERSION = 5.0;
				TARGETED_DEVICE_FAMILY = "1,2";
			};
			name = Debug;
		};
		AA000006000000000000006 /* Release */ = {
			isa = XCBuildConfiguration;
			buildSettings = {
				ARCHS = arm64;
				ASSETCATALOG_COMPILER_APPICON_NAME = AppIcon;
				CURRENT_PROJECT_VERSION = 1;
				GENERATE_INFOPLIST_FILE = YES;
				INFOPLIST_KEY_UIApplicationSceneManifest_Generation = YES;
				INFOPLIST_KEY_UIApplicationSupportsIndirectInputEvents = YES;
				INFOPLIST_KEY_UILaunchScreen_Generation = YES;
				INFOPLIST_KEY_UISupportedInterfaceOrientations_iPad = "UIInterfaceOrientationLandscapeLeft UIInterfaceOrientationLandscapeRight UIInterfaceOrientationPortrait UIInterfaceOrientationPortraitUpsideDown";
				INFOPLIST_KEY_UISupportedInterfaceOrientations_iPhone = "UIInterfaceOrientationLandscapeLeft UIInterfaceOrientationLandscapeRight UIInterfaceOrientationPortrait";
				IPHONEOS_DEPLOYMENT_TARGET = 17.0;
				MARKETING_VERSION = 1.0;
				OTHER_SWIFT_FLAGS = "-cxx-interoperability-mode=default";
				PRODUCT_BUNDLE_IDENTIFIER = "com.example.ios-sample-package";
				PRODUCT_NAME = "$(TARGET_NAME)";
				SDKROOT = iphonesimulator;
				SUPPORTED_PLATFORMS = "iphoneos iphonesimulator";
				SWIFT_VERSION = 5.0;
				TARGETED_DEVICE_FAMILY = "1,2";
			};
			name = Release;
		};
/* End XCBuildConfiguration section */

/* Begin XCConfigurationList section */
		AA000006000000000000001 /* Build configuration list for PBXNativeTarget "ios-sample" */ = {
			isa = XCConfigurationList;
			buildConfigurations = (
				AA000006000000000000005 /* Debug */,
				AA000006000000000000006 /* Release */,
			);
			defaultConfigurationIsVisible = 0;
			defaultConfigurationName = Release;
		};
		AA000006000000000000002 /* Build configuration list for PBXProject "ios-sample" */ = {
			isa = XCConfigurationList;
			buildConfigurations = (
				AA000006000000000000003 /* Debug */,
				AA000006000000000000004 /* Release */,
			);
			defaultConfigurationIsVisible = 0;
			defaultConfigurationName = Release;
		};
/* End XCConfigurationList section */

/* Begin XCLocalSwiftPackageReference section */
		AA000009000000000000001 /* XCLocalSwiftPackageReference "../../../packages/ios/mapitron" */ = {
			isa = XCLocalSwiftPackageReference;
			relativePath = ../../../packages/ios/mapitron;
		};
/* End XCLocalSwiftPackageReference section */

/* Begin XCSwiftPackageProductDependency section */
		AA000007000000000000001 /* mapitron */ = {
			isa = XCSwiftPackageProductDependency;
			package = AA000009000000000000001 /* XCLocalSwiftPackageReference "../../../packages/ios/mapitron" */;
			productName = mapitron;
		};
/* End XCSwiftPackageProductDependency section */

	};
	rootObject = AA000008000000000000001 /* Project object */;
}
